
Microsoft Visual Studio Solution File, Format Version 12.00
# Visual Studio 15
VisualStudioVersion = 15.0.28307.1000
MinimumVisualStudioVersion = 10.0.40219.1
Project("{2150E333-8FDC-42A3-9474-1A3956D46DE8}") = "Foundation", "Foundation", "{E25EA5AF-E5AC-4AFE-96E5-3D21160DBBEF}"
EndProject
Project("{2150E333-8FDC-42A3-9474-1A3956D46DE8}") = "Project", "Project", "{44699C56-35D4-4569-8E7D-4E9CA1336A25}"
EndProject
Project("{2150E333-8FDC-42A3-9474-1A3956D46DE8}") = "Feature", "Feature", "{11EF8E9D-E260-4F2A-93D8-1217511F9FCC}"
EndProject
Project("{2150E333-8FDC-42A3-9474-1A3956D46DE8}") = "Navigation", "Navigation", "{3E3795DE-4699-4084-91D9-1305B78E1D75}"
EndProject
Project("{2150E333-8FDC-42A3-9474-1A3956D46DE8}") = "Dictionary", "Dictionary", "{1C369326-FF72-4FAE-A7E4-54BD0F965B4E}"
EndProject
Project("{2150E333-8FDC-42A3-9474-1A3956D46DE8}") = "Website", "Website", "{AA08DE47-BCD7-4BF1-9636-B68A7CE335A4}"
EndProject
Project("{FAE04EC0-301F-11D3-BF4B-00C04F79EFBC}") = "Hackathon.Project.Website", "src\Project\Website\code\Hackathon.Project.Website\Hackathon.Project.Website.csproj", "{FAAF5FF9-567B-405F-9E6D-131D7B396E4E}"
EndProject
Project("{FAE04EC0-301F-11D3-BF4B-00C04F79EFBC}") = "Hackathon.Foundation.Dictionary", "src\Foundation\Dictionary\code\Hackathon.Foundation.Dictionary\Hackathon.Foundation.Dictionary.csproj", "{4E3B6340-C1EB-4A54-A66C-05438EC8107B}"
EndProject
Project("{FAE04EC0-301F-11D3-BF4B-00C04F79EFBC}") = "Hackathon.Feature.Navigation", "src\Feature\Navigation\code\Hackathon.Feature.Navigation\Hackathon.Feature.Navigation.csproj", "{F2724779-E2FD-41F3-8B0B-9BB756615CCF}"
EndProject
Project("{2150E333-8FDC-42A3-9474-1A3956D46DE8}") = "PageContent", "PageContent", "{597F4705-5DA1-4A81-A768-EA0B17CB3A1A}"
EndProject
Project("{FAE04EC0-301F-11D3-BF4B-00C04F79EFBC}") = "Hackathon.Feature.PageContent", "src\Feature\PageContent\code\Hackathon.Feature.PageContent\Hackathon.Feature.PageContent.csproj", "{79079A6E-ACFB-405E-B133-3F68ECC7E474}"
EndProject
Project("{CAA73BB0-EF22-4D79-A57E-DF67B3BA9C80}") = "Hackathon.Feature.PageContent.Master", "src\Feature\PageContent\serialization\Hackathon.Feature.PageContent.Master\Hackathon.Feature.PageContent.Master.scproj", "{8714DD3D-0616-434B-B916-6A2347B85B34}"
EndProject
Project("{CAA73BB0-EF22-4D79-A57E-DF67B3BA9C80}") = "Hackathon.Project.Website.Master", "src\Project\Website\serialization\Hackathon.Project.Website.Master\Hackathon.Project.Website.Master.scproj", "{7BDA01B4-1B84-4E70-B1F9-664E95E7A734}"
EndProject
Project("{CAA73BB0-EF22-4D79-A57E-DF67B3BA9C80}") = "Hackathon.Project.Website.Content.Master", "src\Project\Website\serialization\Hackathon.Project.Website.Content.Master\Hackathon.Project.Website.Content.Master.scproj", "{7FDC8E57-C216-4CC1-9110-F559AA1B144D}"
EndProject
Project("{2150E333-8FDC-42A3-9474-1A3956D46DE8}") = ".tds", ".tds", "{CEFB4A82-131E-439D-AE6F-37E76904C82C}"
	ProjectSection(SolutionItems) = preProject
		TdsGlobal.config.user = TdsGlobal.config.user
	EndProjectSection
EndProject
Project("{2150E333-8FDC-42A3-9474-1A3956D46DE8}") = "TeamRegistration", "TeamRegistration", "{B0104A93-E75B-4E59-8EBA-7561863BB3DB}"
EndProject
Project("{FAE04EC0-301F-11D3-BF4B-00C04F79EFBC}") = "Hackathon.Feature.TeamRegistration", "src\Feature\TeamRegistration\code\Hackathon.Feature.TeamRegistration\Hackathon.Feature.TeamRegistration.csproj", "{470FE925-0D55-4F7C-B10A-A1711B3A8CF7}"
EndProject
Project("{CAA73BB0-EF22-4D79-A57E-DF67B3BA9C80}") = "Hackathon.Feature.TeamRegistration.Master", "src\Feature\TeamRegistration\serialization\Hackathon.Feature.TeamRegistration.Master\Hackathon.Feature.TeamRegistration.Master.scproj", "{4C4A3484-9E39-4A50-BA53-05E68882F315}"
EndProject
Project("{2150E333-8FDC-42A3-9474-1A3956D46DE8}") = "Event", "Event", "{E191BC5E-6D08-45FC-8DF3-578F3431A8BA}"
EndProject
Project("{CAA73BB0-EF22-4D79-A57E-DF67B3BA9C80}") = "Hackathon.Feature.Event.Master", "src\Feature\Event\serialization\Hackathon.Feature.Event.Master\Hackathon.Feature.Event.Master.scproj", "{24CC67C2-7951-4305-B47D-1551EDBE6725}"
EndProject
Project("{FAE04EC0-301F-11D3-BF4B-00C04F79EFBC}") = "Hackathon.Feature.Event", "src\Feature\Event\code\Hackathon.Feature.Event\Hackathon.Feature.Event.csproj", "{E6D0B626-405F-4DA4-BA8C-BBF6154DA151}"
EndProject
Global
	GlobalSection(SolutionConfigurationPlatforms) = preSolution
		Debug|Any CPU = Debug|Any CPU
		Release|Any CPU = Release|Any CPU
	EndGlobalSection
	GlobalSection(ProjectConfigurationPlatforms) = postSolution
		{FAAF5FF9-567B-405F-9E6D-131D7B396E4E}.Debug|Any CPU.ActiveCfg = Debug|Any CPU
		{FAAF5FF9-567B-405F-9E6D-131D7B396E4E}.Debug|Any CPU.Build.0 = Debug|Any CPU
		{FAAF5FF9-567B-405F-9E6D-131D7B396E4E}.Release|Any CPU.ActiveCfg = Release|Any CPU
		{FAAF5FF9-567B-405F-9E6D-131D7B396E4E}.Release|Any CPU.Build.0 = Release|Any CPU
		{4E3B6340-C1EB-4A54-A66C-05438EC8107B}.Debug|Any CPU.ActiveCfg = Debug|Any CPU
		{4E3B6340-C1EB-4A54-A66C-05438EC8107B}.Debug|Any CPU.Build.0 = Debug|Any CPU
		{4E3B6340-C1EB-4A54-A66C-05438EC8107B}.Release|Any CPU.ActiveCfg = Release|Any CPU
		{4E3B6340-C1EB-4A54-A66C-05438EC8107B}.Release|Any CPU.Build.0 = Release|Any CPU
		{F2724779-E2FD-41F3-8B0B-9BB756615CCF}.Debug|Any CPU.ActiveCfg = Debug|Any CPU
		{F2724779-E2FD-41F3-8B0B-9BB756615CCF}.Debug|Any CPU.Build.0 = Debug|Any CPU
		{F2724779-E2FD-41F3-8B0B-9BB756615CCF}.Release|Any CPU.ActiveCfg = Release|Any CPU
		{F2724779-E2FD-41F3-8B0B-9BB756615CCF}.Release|Any CPU.Build.0 = Release|Any CPU
		{79079A6E-ACFB-405E-B133-3F68ECC7E474}.Debug|Any CPU.ActiveCfg = Debug|Any CPU
		{79079A6E-ACFB-405E-B133-3F68ECC7E474}.Debug|Any CPU.Build.0 = Debug|Any CPU
		{79079A6E-ACFB-405E-B133-3F68ECC7E474}.Release|Any CPU.ActiveCfg = Release|Any CPU
		{79079A6E-ACFB-405E-B133-3F68ECC7E474}.Release|Any CPU.Build.0 = Release|Any CPU
		{8714DD3D-0616-434B-B916-6A2347B85B34}.Debug|Any CPU.ActiveCfg = Debug|Any CPU
		{8714DD3D-0616-434B-B916-6A2347B85B34}.Debug|Any CPU.Build.0 = Debug|Any CPU
		{8714DD3D-0616-434B-B916-6A2347B85B34}.Debug|Any CPU.Deploy.0 = Debug|Any CPU
		{8714DD3D-0616-434B-B916-6A2347B85B34}.Release|Any CPU.ActiveCfg = Release|Any CPU
		{8714DD3D-0616-434B-B916-6A2347B85B34}.Release|Any CPU.Build.0 = Release|Any CPU
		{8714DD3D-0616-434B-B916-6A2347B85B34}.Release|Any CPU.Deploy.0 = Release|Any CPU
		{7BDA01B4-1B84-4E70-B1F9-664E95E7A734}.Debug|Any CPU.ActiveCfg = Debug|Any CPU
		{7BDA01B4-1B84-4E70-B1F9-664E95E7A734}.Debug|Any CPU.Build.0 = Debug|Any CPU
		{7BDA01B4-1B84-4E70-B1F9-664E95E7A734}.Debug|Any CPU.Deploy.0 = Debug|Any CPU
		{7BDA01B4-1B84-4E70-B1F9-664E95E7A734}.Release|Any CPU.ActiveCfg = Release|Any CPU
		{7BDA01B4-1B84-4E70-B1F9-664E95E7A734}.Release|Any CPU.Build.0 = Release|Any CPU
		{7BDA01B4-1B84-4E70-B1F9-664E95E7A734}.Release|Any CPU.Deploy.0 = Release|Any CPU
		{7FDC8E57-C216-4CC1-9110-F559AA1B144D}.Debug|Any CPU.ActiveCfg = Debug|Any CPU
		{7FDC8E57-C216-4CC1-9110-F559AA1B144D}.Debug|Any CPU.Build.0 = Debug|Any CPU
		{7FDC8E57-C216-4CC1-9110-F559AA1B144D}.Debug|Any CPU.Deploy.0 = Debug|Any CPU
		{7FDC8E57-C216-4CC1-9110-F559AA1B144D}.Release|Any CPU.ActiveCfg = Release|Any CPU
		{7FDC8E57-C216-4CC1-9110-F559AA1B144D}.Release|Any CPU.Build.0 = Release|Any CPU
		{7FDC8E57-C216-4CC1-9110-F559AA1B144D}.Release|Any CPU.Deploy.0 = Release|Any CPU
		{470FE925-0D55-4F7C-B10A-A1711B3A8CF7}.Debug|Any CPU.ActiveCfg = Debug|Any CPU
		{470FE925-0D55-4F7C-B10A-A1711B3A8CF7}.Debug|Any CPU.Build.0 = Debug|Any CPU
		{470FE925-0D55-4F7C-B10A-A1711B3A8CF7}.Release|Any CPU.ActiveCfg = Release|Any CPU
		{470FE925-0D55-4F7C-B10A-A1711B3A8CF7}.Release|Any CPU.Build.0 = Release|Any CPU
		{4C4A3484-9E39-4A50-BA53-05E68882F315}.Debug|Any CPU.ActiveCfg = Debug|Any CPU
		{4C4A3484-9E39-4A50-BA53-05E68882F315}.Debug|Any CPU.Build.0 = Debug|Any CPU
		{4C4A3484-9E39-4A50-BA53-05E68882F315}.Debug|Any CPU.Deploy.0 = Debug|Any CPU
		{4C4A3484-9E39-4A50-BA53-05E68882F315}.Release|Any CPU.ActiveCfg = Release|Any CPU
		{4C4A3484-9E39-4A50-BA53-05E68882F315}.Release|Any CPU.Build.0 = Release|Any CPU
		{4C4A3484-9E39-4A50-BA53-05E68882F315}.Release|Any CPU.Deploy.0 = Release|Any CPU
		{24CC67C2-7951-4305-B47D-1551EDBE6725}.Debug|Any CPU.ActiveCfg = Debug|Any CPU
		{24CC67C2-7951-4305-B47D-1551EDBE6725}.Debug|Any CPU.Build.0 = Debug|Any CPU
		{24CC67C2-7951-4305-B47D-1551EDBE6725}.Debug|Any CPU.Deploy.0 = Debug|Any CPU
		{24CC67C2-7951-4305-B47D-1551EDBE6725}.Release|Any CPU.ActiveCfg = Release|Any CPU
		{24CC67C2-7951-4305-B47D-1551EDBE6725}.Release|Any CPU.Build.0 = Release|Any CPU
		{24CC67C2-7951-4305-B47D-1551EDBE6725}.Release|Any CPU.Deploy.0 = Release|Any CPU
		{E6D0B626-405F-4DA4-BA8C-BBF6154DA151}.Debug|Any CPU.ActiveCfg = Debug|Any CPU
		{E6D0B626-405F-4DA4-BA8C-BBF6154DA151}.Debug|Any CPU.Build.0 = Debug|Any CPU
		{E6D0B626-405F-4DA4-BA8C-BBF6154DA151}.Release|Any CPU.ActiveCfg = Release|Any CPU
		{E6D0B626-405F-4DA4-BA8C-BBF6154DA151}.Release|Any CPU.Build.0 = Release|Any CPU
	EndGlobalSection
	GlobalSection(SolutionProperties) = preSolution
		HideSolutionNode = FALSE
	EndGlobalSection
	GlobalSection(NestedProjects) = preSolution
		{3E3795DE-4699-4084-91D9-1305B78E1D75} = {11EF8E9D-E260-4F2A-93D8-1217511F9FCC}
		{1C369326-FF72-4FAE-A7E4-54BD0F965B4E} = {E25EA5AF-E5AC-4AFE-96E5-3D21160DBBEF}
		{AA08DE47-BCD7-4BF1-9636-B68A7CE335A4} = {44699C56-35D4-4569-8E7D-4E9CA1336A25}
		{FAAF5FF9-567B-405F-9E6D-131D7B396E4E} = {AA08DE47-BCD7-4BF1-9636-B68A7CE335A4}
		{4E3B6340-C1EB-4A54-A66C-05438EC8107B} = {1C369326-FF72-4FAE-A7E4-54BD0F965B4E}
		{F2724779-E2FD-41F3-8B0B-9BB756615CCF} = {3E3795DE-4699-4084-91D9-1305B78E1D75}
		{597F4705-5DA1-4A81-A768-EA0B17CB3A1A} = {11EF8E9D-E260-4F2A-93D8-1217511F9FCC}
		{79079A6E-ACFB-405E-B133-3F68ECC7E474} = {597F4705-5DA1-4A81-A768-EA0B17CB3A1A}
		{8714DD3D-0616-434B-B916-6A2347B85B34} = {597F4705-5DA1-4A81-A768-EA0B17CB3A1A}
		{7BDA01B4-1B84-4E70-B1F9-664E95E7A734} = {AA08DE47-BCD7-4BF1-9636-B68A7CE335A4}
		{7FDC8E57-C216-4CC1-9110-F559AA1B144D} = {AA08DE47-BCD7-4BF1-9636-B68A7CE335A4}
		{B0104A93-E75B-4E59-8EBA-7561863BB3DB} = {11EF8E9D-E260-4F2A-93D8-1217511F9FCC}
		{470FE925-0D55-4F7C-B10A-A1711B3A8CF7} = {B0104A93-E75B-4E59-8EBA-7561863BB3DB}
		{4C4A3484-9E39-4A50-BA53-05E68882F315} = {B0104A93-E75B-4E59-8EBA-7561863BB3DB}
		{E191BC5E-6D08-45FC-8DF3-578F3431A8BA} = {11EF8E9D-E260-4F2A-93D8-1217511F9FCC}
		{24CC67C2-7951-4305-B47D-1551EDBE6725} = {E191BC5E-6D08-45FC-8DF3-578F3431A8BA}
		{E6D0B626-405F-4DA4-BA8C-BBF6154DA151} = {E191BC5E-6D08-45FC-8DF3-578F3431A8BA}
	EndGlobalSection
	GlobalSection(ExtensibilityGlobals) = postSolution
		SolutionGuid = {DF9DE425-1CD7-4FF6-9A9B-F943BAF2C000}
		EnterpriseLibraryConfigurationToolBinariesPathV6 = packages\EnterpriseLibrary.Common.6.0.1304.0\lib\NET45;packages\EnterpriseLibrary.TransientFaultHandling.6.0.1304.0\lib\portable-net45+win+wp8;packages\EnterpriseLibrary.TransientFaultHandling.Caching.6.0.1304.0\lib\NET45;packages\EnterpriseLibrary.TransientFaultHandling.Data.6.0.1304.1\lib\NET45;packages\EnterpriseLibrary.TransientFaultHandling.ServiceBus.6.0.1304.0\lib\NET45;packages\EnterpriseLibrary.TransientFaultHandling.WindowsAzure.Storage.6.0.1304.0\lib\NET45;packages\EnterpriseLibrary.TransientFaultHandling.Configuration.6.0.1304.0\lib\NET45
	EndGlobalSection
EndGlobal
